
Microsoft Visual Studio Solution File, Format Version 12.00
# Visual Studio Version 17
VisualStudioVersion = 17.4.33603.86
MinimumVisualStudioVersion = 10.0.40219.1
Project("{2150E333-8FDC-42A3-9474-1A3956D46DE8}") = "src", "src", "{55B30B38-F67A-42DA-A92F-BB37CC88C1B0}"
EndProject
Project("{2150E333-8FDC-42A3-9474-1A3956D46DE8}") = "Services", "Services", "{AAFA633A-04FA-4713-9631-18FF2F8DF8C9}"
EndProject
Project("{2150E333-8FDC-42A3-9474-1A3956D46DE8}") = "Shared", "Shared", "{2B18F56C-BC2C-4300-8198-C8FE5823883D}"
EndProject
Project("{2150E333-8FDC-42A3-9474-1A3956D46DE8}") = "ApiGateways", "ApiGateways", "{97AEED2D-F4DD-48C3-BD0C-F186F71F527F}"
EndProject
Project("{2150E333-8FDC-42A3-9474-1A3956D46DE8}") = "BuildingBlocks", "BuildingBlocks", "{F3067C8F-CE5F-4075-977F-E7A18AA7B077}"
EndProject
Project("{2150E333-8FDC-42A3-9474-1A3956D46DE8}") = "Mobile", "Mobile", "{98EA3311-73D1-4B1F-ABDB-4FAE4015B698}"
EndProject
Project("{2150E333-8FDC-42A3-9474-1A3956D46DE8}") = "Web", "Web", "{AE719B76-D911-4793-AAE4-88BC6EFAA23B}"
EndProject
Project("{2150E333-8FDC-42A3-9474-1A3956D46DE8}") = "WebSPA", "WebSPA", "{FDB02CD9-E5D3-4024-9FEF-079D321AA8DE}"
EndProject
Project("{2150E333-8FDC-42A3-9474-1A3956D46DE8}") = "WebMVC", "WebMVC", "{575CB2D0-3401-4DA0-9F6C-CBEB538330C6}"
EndProject
Project("{2150E333-8FDC-42A3-9474-1A3956D46DE8}") = "WebhookClient", "WebhookClient", "{F2F303CE-1B96-4F53-A2A4-2576A46A80B2}"
EndProject
Project("{2150E333-8FDC-42A3-9474-1A3956D46DE8}") = "WebStatus", "WebStatus", "{1E9A4B66-70B0-436E-8EF1-2E0C23790464}"
EndProject
Project("{9A19103F-16F7-4668-BE54-9A1E7A4F7556}") = "WebMVC", "Web\WebMVC\WebMVC.csproj", "{E43CA6F4-0365-4BFC-995B-8CD291C1C174}"
EndProject
Project("{2150E333-8FDC-42A3-9474-1A3956D46DE8}") = "ConfigurePriceQuote", "ConfigurePriceQuote", "{16C42DAD-B1C6-4E79-B05B-9A3C5BFB609B}"
EndProject
Project("{2150E333-8FDC-42A3-9474-1A3956D46DE8}") = "Sales", "Sales", "{BA9BCACA-4B9E-4B9F-A869-A139B3A8E941}"
EndProject
Project("{2150E333-8FDC-42A3-9474-1A3956D46DE8}") = "ConfigurePriceQuote.Api", "ConfigurePriceQuote.Api", "{45686D58-2FA2-4E2C-A7C9-153F432E4516}"
EndProject
Project("{9A19103F-16F7-4668-BE54-9A1E7A4F7556}") = "ConfigurePriceQuote.Api", "ConfigurePriceQuote\ConfigurePriceQuote.Api\ConfigurePriceQuote.Api.csproj", "{E8E2265D-790B-417A-A8F8-A4F33058431D}"
EndProject
Project("{2150E333-8FDC-42A3-9474-1A3956D46DE8}") = "ConfigurePriceQuote.FunctionalTests", "ConfigurePriceQuote.FunctionalTests", "{3BF812F5-DB5C-4284-A047-C4F4EAE35BDC}"
EndProject
Project("{2150E333-8FDC-42A3-9474-1A3956D46DE8}") = "ConfigurePriceQuote.UnitTests", "ConfigurePriceQuote.UnitTests", "{6849907D-DB4B-462C-B20B-5BA3613C27EE}"
EndProject
Project("{2150E333-8FDC-42A3-9474-1A3956D46DE8}") = "FieldService", "FieldService", "{3B15AB5B-5E8F-4BF8-9429-4C17A1F25E5A}"
EndProject
Project("{2150E333-8FDC-42A3-9474-1A3956D46DE8}") = "OrganizationStructure", "OrganizationStructure", "{466A1E10-D2D5-4FA1-9FAE-E72790CD2B0D}"
EndProject
Project("{2150E333-8FDC-42A3-9474-1A3956D46DE8}") = "Vendor", "Vendor", "{9F84914F-5547-4F40-8739-CD7125E4DC36}"
EndProject
Project("{2150E333-8FDC-42A3-9474-1A3956D46DE8}") = "IAC", "IAC", "{D2139857-F24E-4922-A231-74D21C3EA36F}"
EndProject
Project("{2150E333-8FDC-42A3-9474-1A3956D46DE8}") = "Fleet", "Fleet", "{1AE4AF0A-ADD0-4387-88C5-6A4A6FD5AE9C}"
EndProject
Project("{2150E333-8FDC-42A3-9474-1A3956D46DE8}") = "Operation", "Operation", "{66F4DB34-D145-4835-89F5-063A0ACC2D79}"
EndProject
Project("{2150E333-8FDC-42A3-9474-1A3956D46DE8}") = "Integration", "Integration", "{B939105C-9332-45D4-9412-712F146B4E0B}"
EndProject
Project("{2150E333-8FDC-42A3-9474-1A3956D46DE8}") = "Asset", "Asset", "{AA7B3AF7-8886-46BD-A4C9-B8EA08F61EEC}"
EndProject
Project("{2150E333-8FDC-42A3-9474-1A3956D46DE8}") = "ReportAndAnalysis", "ReportAndAnalysis", "{77E82CF6-F759-49B1-97C4-4B6660D17CE2}"
EndProject
Project("{2150E333-8FDC-42A3-9474-1A3956D46DE8}") = "MasterData", "MasterData", "{7AE1F326-4E1C-4657-9E5B-B59BB874C5BD}"
EndProject
Project("{2150E333-8FDC-42A3-9474-1A3956D46DE8}") = "Administration", "Administration", "{CEC1248D-5799-4252-87C6-3A81FD7A8832}"
EndProject
Project("{2150E333-8FDC-42A3-9474-1A3956D46DE8}") = "Procurement", "Procurement", "{B6F94962-B19E-4FA1-9B82-4FC2D142036F}"
EndProject
Project("{2150E333-8FDC-42A3-9474-1A3956D46DE8}") = "EventBus", "EventBus", "{ADC408A7-BA59-4584-A3D2-FC9FA5003BEE}"
EndProject
Project("{9A19103F-16F7-4668-BE54-9A1E7A4F7556}") = "EventBus", "..\BuildingBlocks\EventBus\EventBus\EventBus.csproj", "{46655F30-F097-4C4D-989D-0D93E349703C}"
EndProject
Project("{9A19103F-16F7-4668-BE54-9A1E7A4F7556}") = "WebhookClient", "..\Web\WebhookClient\WebhookClient.csproj", "{446D89B6-C744-4F53-B81D-3296358963E6}"
EndProject
Project("{9A19103F-16F7-4668-BE54-9A1E7A4F7556}") = "Integration.Api", "Integration\Integration.Api\Integration.Api.csproj", "{13BE7052-0E55-430E-A3EA-263161B3739F}"
EndProject
Project("{9A19103F-16F7-4668-BE54-9A1E7A4F7556}") = "Asset.Api", "Operation\Asset\Asset.Api\Asset.Api.csproj", "{E289CAC7-4F2D-4C90-B25D-5BBA4AA42363}"
EndProject
Project("{9A19103F-16F7-4668-BE54-9A1E7A4F7556}") = "FieldService.Api", "Operation\FieldService\FieldService.Api\FieldService.Api.csproj", "{1DF6B684-9ECF-40AC-A1F2-0A60F538FAB4}"
EndProject
Project("{9A19103F-16F7-4668-BE54-9A1E7A4F7556}") = "Fleet.Api", "Operation\Fleet\Fleet.Api\Fleet.Api.csproj", "{C3566310-A9C0-4020-9AC7-7C9BF0A4654A}"
EndProject
Project("{9A19103F-16F7-4668-BE54-9A1E7A4F7556}") = "Procurement.Api", "Operation\Procurement\Procurement.Api\Procurement.Api.csproj", "{424D3B0C-C683-484D-9168-B1B5A9FE1D25}"
EndProject
Project("{9A19103F-16F7-4668-BE54-9A1E7A4F7556}") = "Vendor.Api", "Operation\Vendor\Vendor.Api\Vendor.Api.csproj", "{46F286D2-89F5-4202-9060-33447CBDEE9E}"
EndProject
Project("{9A19103F-16F7-4668-BE54-9A1E7A4F7556}") = "ReportAndAnalysis.Api", "ReportAndAnalysis\ReportAndAnalysis.Api\ReportAndAnalysis.Api.csproj", "{30AD4554-364E-4160-9A83-52861ADE40E7}"
EndProject
Project("{9A19103F-16F7-4668-BE54-9A1E7A4F7556}") = "IAC.UnitTests", "Administration\IAC\IAC.UnitTests\IAC.UnitTests.csproj", "{D6EB49CF-3955-4F28-907C-945D09C134DC}"
EndProject
Project("{9A19103F-16F7-4668-BE54-9A1E7A4F7556}") = "IAC.DataAccess.Sql", "Administration\IAC\IAC.DataAccess\IAC.DataAccess.Sql.csproj", "{4B23CF8F-A8E0-4C11-9B11-84C2623501DE}"
EndProject
Project("{9A19103F-16F7-4668-BE54-9A1E7A4F7556}") = "IAC.Service", "Administration\IAC\IAC.Service\IAC.Service.csproj", "{BA9288A1-4A17-44B2-B4ED-4B1E5FE416E1}"
EndProject
Project("{9A19103F-16F7-4668-BE54-9A1E7A4F7556}") = "FCC.Data", "..\Shared\FCC.Data\FCC.Data.csproj", "{CF3F1EB8-2EA5-46C4-BD8B-933AD9978130}"
EndProject
Project("{9A19103F-16F7-4668-BE54-9A1E7A4F7556}") = "IAC.Api", "Administration\IAC\IAC.Api\IAC.Api.csproj", "{C5AF1E00-7C7A-4451-91B9-A080DB5C962E}"
EndProject
Project("{9A19103F-16F7-4668-BE54-9A1E7A4F7556}") = "FCC.Core", "..\Shared\FCC.Core\FCC.Core.csproj", "{C242A4BD-841C-4FEA-BF86-F08736494B9F}"
EndProject
Project("{9A19103F-16F7-4668-BE54-9A1E7A4F7556}") = "IAC.Domain", "Administration\IAC\IAC.Domain\IAC.Domain\IAC.Domain.csproj", "{C173542F-3112-4718-98CA-86D73F4B2E93}"
EndProject
Project("{2150E333-8FDC-42A3-9474-1A3956D46DE8}") = "WorkManagement", "WorkManagement", "{FD2F2E56-1C4D-4342-91E9-400675924C05}"
EndProject
Project("{9A19103F-16F7-4668-BE54-9A1E7A4F7556}") = "WorkManagement.DataAccess.Sql", "MasterData\WorkManagement\WorkManagement.DataAccess.Sql\WorkManagement.DataAccess.Sql.csproj", "{AB2F7573-405A-42DA-9DC7-46229043ECAC}"
EndProject
Project("{9A19103F-16F7-4668-BE54-9A1E7A4F7556}") = "WorkManagement.Domain", "MasterData\WorkManagement\WorkManagement.Domain\WorkManagement.Domain.csproj", "{2CB232C7-AAC2-46F2-8375-B138F3F462DC}"
EndProject
Project("{9A19103F-16F7-4668-BE54-9A1E7A4F7556}") = "WorkManagement.Service", "MasterData\WorkManagement\WorkManagement.Service\WorkManagement.Service.csproj", "{D496F2C5-A63A-411C-9E7E-099DADBCD49D}"
EndProject
Project("{9A19103F-16F7-4668-BE54-9A1E7A4F7556}") = "WorkManagement.UnitTest", "MasterData\WorkManagement\WorkManagement.UnitTest\WorkManagement.UnitTest.csproj", "{EA051315-1BCC-4D3C-BA41-1FB3180EFFF7}"
EndProject
Project("{9A19103F-16F7-4668-BE54-9A1E7A4F7556}") = "WorkManagement.Api", "MasterData\WorkManagement\WorkManagement.Api\WorkManagement.Api.csproj", "{07F20A9F-6038-4A2F-BF9E-A25ECBB32F70}"
EndProject
Project("{9A19103F-16F7-4668-BE54-9A1E7A4F7556}") = "OrganizationManagement.Domain", "MasterData\OrganizationStructure\OrganizationStructure.Domain\OrganizationManagement.Domain.csproj", "{DECC48B8-51D0-43A3-B4DC-8A4ECA4240C3}"
EndProject
Project("{9A19103F-16F7-4668-BE54-9A1E7A4F7556}") = "FCC.SPA", "..\Web\WebSPA\FCC.SPA\FCC.SPA.csproj", "{4E6501BF-A4B4-4005-A2E2-34110EB108D1}"
EndProject
Project("{9A19103F-16F7-4668-BE54-9A1E7A4F7556}") = "OrganizationManagement.Api", "MasterData\OrganizationStructure\OrganizationStructure.Api\OrganizationManagement.Api.csproj", "{C7AAA675-E0A5-4DB6-8350-257C5F4D0E09}"
EndProject
Project("{9A19103F-16F7-4668-BE54-9A1E7A4F7556}") = "OrganizationManagement.DataAccess.Sql", "MasterData\OrganizationStructure\OrganizationStructure.DataAccess.Sql\OrganizationManagement.DataAccess.Sql.csproj", "{CA085A9E-3785-49BA-A6D1-7B7D381C21B4}"
EndProject
Project("{9A19103F-16F7-4668-BE54-9A1E7A4F7556}") = "OrganizationManagement.Service", "MasterData\OrganizationStructure\OrganizationStructure.Service\OrganizationManagement.Service.csproj", "{652493DA-A1AD-46DD-97B9-721EC3D04712}"
EndProject
Project("{9A19103F-16F7-4668-BE54-9A1E7A4F7556}") = "OrganizationStructure.UnitTest", "MasterData\OrganizationStructure\OrganizationStructure.UnitTest\OrganizationStructure.UnitTest.csproj", "{16F62C68-1CE5-445E-A0D6-91EA5F7FA1B6}"
EndProject
Project("{9A19103F-16F7-4668-BE54-9A1E7A4F7556}") = "OrganizationManagement.Core", "MasterData\OrganizationStructure\OrganizationStructure.Core\OrganizationManagement.Core.csproj", "{2B37A8D6-79DE-4173-B81A-542FA04F2A0E}"
EndProject
Project("{2150E333-8FDC-42A3-9474-1A3956D46DE8}") = "Configuration", "Configuration", "{E4966135-D9EA-4B11-BF5B-839C9C7BB851}"
EndProject
Project("{2150E333-8FDC-42A3-9474-1A3956D46DE8}") = "FinancialManagement", "FinancialManagement", "{980AF7CA-752A-46F5-AB7E-A5E157CEC4A7}"
EndProject
Project("{9A19103F-16F7-4668-BE54-9A1E7A4F7556}") = "FinancialManagement.Domain", "Operation\FinancialManagement.Domain\FinancialManagement.Domain.csproj", "{71D3B737-87A3-4488-AA63-C0DC76D73ED7}"
EndProject
Project("{9A19103F-16F7-4668-BE54-9A1E7A4F7556}") = "Configuration.Domain", "MasterData\Configuration\Configuration.Domain\Configuration.Domain.csproj", "{9B3A1894-A285-4353-9551-7EF89D8A5EF8}"
EndProject
Project("{9A19103F-16F7-4668-BE54-9A1E7A4F7556}") = "Configuration.Api", "MasterData\Configuration\Configuration.Api\Configuration.Api.csproj", "{A1F68D80-C7B5-4CDD-8F25-BA9AE436F218}"
EndProject
Global
	GlobalSection(SolutionConfigurationPlatforms) = preSolution
		Debug|Any CPU = Debug|Any CPU
		Release|Any CPU = Release|Any CPU
	EndGlobalSection
	GlobalSection(ProjectConfigurationPlatforms) = postSolution
		{E43CA6F4-0365-4BFC-995B-8CD291C1C174}.Debug|Any CPU.ActiveCfg = Debug|Any CPU
		{E43CA6F4-0365-4BFC-995B-8CD291C1C174}.Debug|Any CPU.Build.0 = Debug|Any CPU
		{E43CA6F4-0365-4BFC-995B-8CD291C1C174}.Release|Any CPU.ActiveCfg = Release|Any CPU
		{E43CA6F4-0365-4BFC-995B-8CD291C1C174}.Release|Any CPU.Build.0 = Release|Any CPU
		{E8E2265D-790B-417A-A8F8-A4F33058431D}.Debug|Any CPU.ActiveCfg = Debug|Any CPU
		{E8E2265D-790B-417A-A8F8-A4F33058431D}.Debug|Any CPU.Build.0 = Debug|Any CPU
		{E8E2265D-790B-417A-A8F8-A4F33058431D}.Release|Any CPU.ActiveCfg = Release|Any CPU
		{E8E2265D-790B-417A-A8F8-A4F33058431D}.Release|Any CPU.Build.0 = Release|Any CPU
		{46655F30-F097-4C4D-989D-0D93E349703C}.Debug|Any CPU.ActiveCfg = Debug|Any CPU
		{46655F30-F097-4C4D-989D-0D93E349703C}.Debug|Any CPU.Build.0 = Debug|Any CPU
		{46655F30-F097-4C4D-989D-0D93E349703C}.Release|Any CPU.ActiveCfg = Release|Any CPU
		{46655F30-F097-4C4D-989D-0D93E349703C}.Release|Any CPU.Build.0 = Release|Any CPU
		{446D89B6-C744-4F53-B81D-3296358963E6}.Debug|Any CPU.ActiveCfg = Debug|Any CPU
		{446D89B6-C744-4F53-B81D-3296358963E6}.Debug|Any CPU.Build.0 = Debug|Any CPU
		{446D89B6-C744-4F53-B81D-3296358963E6}.Release|Any CPU.ActiveCfg = Release|Any CPU
		{446D89B6-C744-4F53-B81D-3296358963E6}.Release|Any CPU.Build.0 = Release|Any CPU
		{13BE7052-0E55-430E-A3EA-263161B3739F}.Debug|Any CPU.ActiveCfg = Debug|Any CPU
		{13BE7052-0E55-430E-A3EA-263161B3739F}.Debug|Any CPU.Build.0 = Debug|Any CPU
		{13BE7052-0E55-430E-A3EA-263161B3739F}.Release|Any CPU.ActiveCfg = Release|Any CPU
		{13BE7052-0E55-430E-A3EA-263161B3739F}.Release|Any CPU.Build.0 = Release|Any CPU
		{E289CAC7-4F2D-4C90-B25D-5BBA4AA42363}.Debug|Any CPU.ActiveCfg = Debug|Any CPU
		{E289CAC7-4F2D-4C90-B25D-5BBA4AA42363}.Debug|Any CPU.Build.0 = Debug|Any CPU
		{E289CAC7-4F2D-4C90-B25D-5BBA4AA42363}.Release|Any CPU.ActiveCfg = Release|Any CPU
		{E289CAC7-4F2D-4C90-B25D-5BBA4AA42363}.Release|Any CPU.Build.0 = Release|Any CPU
		{1DF6B684-9ECF-40AC-A1F2-0A60F538FAB4}.Debug|Any CPU.ActiveCfg = Debug|Any CPU
		{1DF6B684-9ECF-40AC-A1F2-0A60F538FAB4}.Debug|Any CPU.Build.0 = Debug|Any CPU
		{1DF6B684-9ECF-40AC-A1F2-0A60F538FAB4}.Release|Any CPU.ActiveCfg = Release|Any CPU
		{1DF6B684-9ECF-40AC-A1F2-0A60F538FAB4}.Release|Any CPU.Build.0 = Release|Any CPU
		{C3566310-A9C0-4020-9AC7-7C9BF0A4654A}.Debug|Any CPU.ActiveCfg = Debug|Any CPU
		{C3566310-A9C0-4020-9AC7-7C9BF0A4654A}.Debug|Any CPU.Build.0 = Debug|Any CPU
		{C3566310-A9C0-4020-9AC7-7C9BF0A4654A}.Release|Any CPU.ActiveCfg = Release|Any CPU
		{C3566310-A9C0-4020-9AC7-7C9BF0A4654A}.Release|Any CPU.Build.0 = Release|Any CPU
		{424D3B0C-C683-484D-9168-B1B5A9FE1D25}.Debug|Any CPU.ActiveCfg = Debug|Any CPU
		{424D3B0C-C683-484D-9168-B1B5A9FE1D25}.Debug|Any CPU.Build.0 = Debug|Any CPU
		{424D3B0C-C683-484D-9168-B1B5A9FE1D25}.Release|Any CPU.ActiveCfg = Release|Any CPU
		{424D3B0C-C683-484D-9168-B1B5A9FE1D25}.Release|Any CPU.Build.0 = Release|Any CPU
		{46F286D2-89F5-4202-9060-33447CBDEE9E}.Debug|Any CPU.ActiveCfg = Debug|Any CPU
		{46F286D2-89F5-4202-9060-33447CBDEE9E}.Debug|Any CPU.Build.0 = Debug|Any CPU
		{46F286D2-89F5-4202-9060-33447CBDEE9E}.Release|Any CPU.ActiveCfg = Release|Any CPU
		{46F286D2-89F5-4202-9060-33447CBDEE9E}.Release|Any CPU.Build.0 = Release|Any CPU
		{30AD4554-364E-4160-9A83-52861ADE40E7}.Debug|Any CPU.ActiveCfg = Debug|Any CPU
		{30AD4554-364E-4160-9A83-52861ADE40E7}.Debug|Any CPU.Build.0 = Debug|Any CPU
		{30AD4554-364E-4160-9A83-52861ADE40E7}.Release|Any CPU.ActiveCfg = Release|Any CPU
		{30AD4554-364E-4160-9A83-52861ADE40E7}.Release|Any CPU.Build.0 = Release|Any CPU
		{D6EB49CF-3955-4F28-907C-945D09C134DC}.Debug|Any CPU.ActiveCfg = Debug|Any CPU
		{D6EB49CF-3955-4F28-907C-945D09C134DC}.Debug|Any CPU.Build.0 = Debug|Any CPU
		{D6EB49CF-3955-4F28-907C-945D09C134DC}.Release|Any CPU.ActiveCfg = Release|Any CPU
		{D6EB49CF-3955-4F28-907C-945D09C134DC}.Release|Any CPU.Build.0 = Release|Any CPU
		{4B23CF8F-A8E0-4C11-9B11-84C2623501DE}.Debug|Any CPU.ActiveCfg = Debug|Any CPU
		{4B23CF8F-A8E0-4C11-9B11-84C2623501DE}.Debug|Any CPU.Build.0 = Debug|Any CPU
		{4B23CF8F-A8E0-4C11-9B11-84C2623501DE}.Release|Any CPU.ActiveCfg = Release|Any CPU
		{4B23CF8F-A8E0-4C11-9B11-84C2623501DE}.Release|Any CPU.Build.0 = Release|Any CPU
		{BA9288A1-4A17-44B2-B4ED-4B1E5FE416E1}.Debug|Any CPU.ActiveCfg = Debug|Any CPU
		{BA9288A1-4A17-44B2-B4ED-4B1E5FE416E1}.Debug|Any CPU.Build.0 = Debug|Any CPU
		{BA9288A1-4A17-44B2-B4ED-4B1E5FE416E1}.Release|Any CPU.ActiveCfg = Release|Any CPU
		{BA9288A1-4A17-44B2-B4ED-4B1E5FE416E1}.Release|Any CPU.Build.0 = Release|Any CPU
		{CF3F1EB8-2EA5-46C4-BD8B-933AD9978130}.Debug|Any CPU.ActiveCfg = Debug|Any CPU
		{CF3F1EB8-2EA5-46C4-BD8B-933AD9978130}.Debug|Any CPU.Build.0 = Debug|Any CPU
		{CF3F1EB8-2EA5-46C4-BD8B-933AD9978130}.Release|Any CPU.ActiveCfg = Release|Any CPU
		{CF3F1EB8-2EA5-46C4-BD8B-933AD9978130}.Release|Any CPU.Build.0 = Release|Any CPU
		{C5AF1E00-7C7A-4451-91B9-A080DB5C962E}.Debug|Any CPU.ActiveCfg = Debug|Any CPU
		{C5AF1E00-7C7A-4451-91B9-A080DB5C962E}.Debug|Any CPU.Build.0 = Debug|Any CPU
		{C5AF1E00-7C7A-4451-91B9-A080DB5C962E}.Release|Any CPU.ActiveCfg = Release|Any CPU
		{C5AF1E00-7C7A-4451-91B9-A080DB5C962E}.Release|Any CPU.Build.0 = Release|Any CPU
		{C242A4BD-841C-4FEA-BF86-F08736494B9F}.Debug|Any CPU.ActiveCfg = Debug|Any CPU
		{C242A4BD-841C-4FEA-BF86-F08736494B9F}.Debug|Any CPU.Build.0 = Debug|Any CPU
		{C242A4BD-841C-4FEA-BF86-F08736494B9F}.Release|Any CPU.ActiveCfg = Release|Any CPU
		{C242A4BD-841C-4FEA-BF86-F08736494B9F}.Release|Any CPU.Build.0 = Release|Any CPU
		{C173542F-3112-4718-98CA-86D73F4B2E93}.Debug|Any CPU.ActiveCfg = Debug|Any CPU
		{C173542F-3112-4718-98CA-86D73F4B2E93}.Debug|Any CPU.Build.0 = Debug|Any CPU
		{C173542F-3112-4718-98CA-86D73F4B2E93}.Release|Any CPU.ActiveCfg = Release|Any CPU
		{C173542F-3112-4718-98CA-86D73F4B2E93}.Release|Any CPU.Build.0 = Release|Any CPU
		{AB2F7573-405A-42DA-9DC7-46229043ECAC}.Debug|Any CPU.ActiveCfg = Debug|Any CPU
		{AB2F7573-405A-42DA-9DC7-46229043ECAC}.Debug|Any CPU.Build.0 = Debug|Any CPU
		{AB2F7573-405A-42DA-9DC7-46229043ECAC}.Release|Any CPU.ActiveCfg = Release|Any CPU
		{AB2F7573-405A-42DA-9DC7-46229043ECAC}.Release|Any CPU.Build.0 = Release|Any CPU
		{2CB232C7-AAC2-46F2-8375-B138F3F462DC}.Debug|Any CPU.ActiveCfg = Debug|Any CPU
		{2CB232C7-AAC2-46F2-8375-B138F3F462DC}.Debug|Any CPU.Build.0 = Debug|Any CPU
		{2CB232C7-AAC2-46F2-8375-B138F3F462DC}.Release|Any CPU.ActiveCfg = Release|Any CPU
		{2CB232C7-AAC2-46F2-8375-B138F3F462DC}.Release|Any CPU.Build.0 = Release|Any CPU
		{D496F2C5-A63A-411C-9E7E-099DADBCD49D}.Debug|Any CPU.ActiveCfg = Debug|Any CPU
		{D496F2C5-A63A-411C-9E7E-099DADBCD49D}.Debug|Any CPU.Build.0 = Debug|Any CPU
		{D496F2C5-A63A-411C-9E7E-099DADBCD49D}.Release|Any CPU.ActiveCfg = Release|Any CPU
		{D496F2C5-A63A-411C-9E7E-099DADBCD49D}.Release|Any CPU.Build.0 = Release|Any CPU
		{EA051315-1BCC-4D3C-BA41-1FB3180EFFF7}.Debug|Any CPU.ActiveCfg = Debug|Any CPU
		{EA051315-1BCC-4D3C-BA41-1FB3180EFFF7}.Debug|Any CPU.Build.0 = Debug|Any CPU
		{EA051315-1BCC-4D3C-BA41-1FB3180EFFF7}.Release|Any CPU.ActiveCfg = Release|Any CPU
		{EA051315-1BCC-4D3C-BA41-1FB3180EFFF7}.Release|Any CPU.Build.0 = Release|Any CPU
		{07F20A9F-6038-4A2F-BF9E-A25ECBB32F70}.Debug|Any CPU.ActiveCfg = Debug|Any CPU
		{07F20A9F-6038-4A2F-BF9E-A25ECBB32F70}.Debug|Any CPU.Build.0 = Debug|Any CPU
		{07F20A9F-6038-4A2F-BF9E-A25ECBB32F70}.Release|Any CPU.ActiveCfg = Release|Any CPU
		{07F20A9F-6038-4A2F-BF9E-A25ECBB32F70}.Release|Any CPU.Build.0 = Release|Any CPU
		{DECC48B8-51D0-43A3-B4DC-8A4ECA4240C3}.Debug|Any CPU.ActiveCfg = Debug|Any CPU
		{DECC48B8-51D0-43A3-B4DC-8A4ECA4240C3}.Debug|Any CPU.Build.0 = Debug|Any CPU
		{DECC48B8-51D0-43A3-B4DC-8A4ECA4240C3}.Release|Any CPU.ActiveCfg = Release|Any CPU
		{DECC48B8-51D0-43A3-B4DC-8A4ECA4240C3}.Release|Any CPU.Build.0 = Release|Any CPU
		{4E6501BF-A4B4-4005-A2E2-34110EB108D1}.Debug|Any CPU.ActiveCfg = Debug|Any CPU
		{4E6501BF-A4B4-4005-A2E2-34110EB108D1}.Debug|Any CPU.Build.0 = Debug|Any CPU
		{4E6501BF-A4B4-4005-A2E2-34110EB108D1}.Release|Any CPU.ActiveCfg = Release|Any CPU
		{4E6501BF-A4B4-4005-A2E2-34110EB108D1}.Release|Any CPU.Build.0 = Release|Any CPU
		{C7AAA675-E0A5-4DB6-8350-257C5F4D0E09}.Debug|Any CPU.ActiveCfg = Debug|Any CPU
		{C7AAA675-E0A5-4DB6-8350-257C5F4D0E09}.Debug|Any CPU.Build.0 = Debug|Any CPU
		{C7AAA675-E0A5-4DB6-8350-257C5F4D0E09}.Release|Any CPU.ActiveCfg = Release|Any CPU
		{C7AAA675-E0A5-4DB6-8350-257C5F4D0E09}.Release|Any CPU.Build.0 = Release|Any CPU
		{CA085A9E-3785-49BA-A6D1-7B7D381C21B4}.Debug|Any CPU.ActiveCfg = Debug|Any CPU
		{CA085A9E-3785-49BA-A6D1-7B7D381C21B4}.Debug|Any CPU.Build.0 = Debug|Any CPU
		{CA085A9E-3785-49BA-A6D1-7B7D381C21B4}.Release|Any CPU.ActiveCfg = Release|Any CPU
		{CA085A9E-3785-49BA-A6D1-7B7D381C21B4}.Release|Any CPU.Build.0 = Release|Any CPU
		{652493DA-A1AD-46DD-97B9-721EC3D04712}.Debug|Any CPU.ActiveCfg = Debug|Any CPU
		{652493DA-A1AD-46DD-97B9-721EC3D04712}.Debug|Any CPU.Build.0 = Debug|Any CPU
		{652493DA-A1AD-46DD-97B9-721EC3D04712}.Release|Any CPU.ActiveCfg = Release|Any CPU
		{652493DA-A1AD-46DD-97B9-721EC3D04712}.Release|Any CPU.Build.0 = Release|Any CPU
		{16F62C68-1CE5-445E-A0D6-91EA5F7FA1B6}.Debug|Any CPU.ActiveCfg = Debug|Any CPU
		{16F62C68-1CE5-445E-A0D6-91EA5F7FA1B6}.Debug|Any CPU.Build.0 = Debug|Any CPU
		{16F62C68-1CE5-445E-A0D6-91EA5F7FA1B6}.Release|Any CPU.ActiveCfg = Release|Any CPU
		{16F62C68-1CE5-445E-A0D6-91EA5F7FA1B6}.Release|Any CPU.Build.0 = Release|Any CPU
		{2B37A8D6-79DE-4173-B81A-542FA04F2A0E}.Debug|Any CPU.ActiveCfg = Debug|Any CPU
		{2B37A8D6-79DE-4173-B81A-542FA04F2A0E}.Debug|Any CPU.Build.0 = Debug|Any CPU
		{2B37A8D6-79DE-4173-B81A-542FA04F2A0E}.Release|Any CPU.ActiveCfg = Release|Any CPU
		{2B37A8D6-79DE-4173-B81A-542FA04F2A0E}.Release|Any CPU.Build.0 = Release|Any CPU
		{71D3B737-87A3-4488-AA63-C0DC76D73ED7}.Debug|Any CPU.ActiveCfg = Debug|Any CPU
		{71D3B737-87A3-4488-AA63-C0DC76D73ED7}.Debug|Any CPU.Build.0 = Debug|Any CPU
		{71D3B737-87A3-4488-AA63-C0DC76D73ED7}.Release|Any CPU.ActiveCfg = Release|Any CPU
		{71D3B737-87A3-4488-AA63-C0DC76D73ED7}.Release|Any CPU.Build.0 = Release|Any CPU
		{9B3A1894-A285-4353-9551-7EF89D8A5EF8}.Debug|Any CPU.ActiveCfg = Debug|Any CPU
		{9B3A1894-A285-4353-9551-7EF89D8A5EF8}.Debug|Any CPU.Build.0 = Debug|Any CPU
		{9B3A1894-A285-4353-9551-7EF89D8A5EF8}.Release|Any CPU.ActiveCfg = Release|Any CPU
		{9B3A1894-A285-4353-9551-7EF89D8A5EF8}.Release|Any CPU.Build.0 = Release|Any CPU
		{A1F68D80-C7B5-4CDD-8F25-BA9AE436F218}.Debug|Any CPU.ActiveCfg = Debug|Any CPU
		{A1F68D80-C7B5-4CDD-8F25-BA9AE436F218}.Debug|Any CPU.Build.0 = Debug|Any CPU
		{A1F68D80-C7B5-4CDD-8F25-BA9AE436F218}.Release|Any CPU.ActiveCfg = Release|Any CPU
		{A1F68D80-C7B5-4CDD-8F25-BA9AE436F218}.Release|Any CPU.Build.0 = Release|Any CPU
	EndGlobalSection
	GlobalSection(SolutionProperties) = preSolution
		HideSolutionNode = FALSE
	EndGlobalSection
	GlobalSection(NestedProjects) = preSolution
		{AAFA633A-04FA-4713-9631-18FF2F8DF8C9} = {55B30B38-F67A-42DA-A92F-BB37CC88C1B0}
		{2B18F56C-BC2C-4300-8198-C8FE5823883D} = {55B30B38-F67A-42DA-A92F-BB37CC88C1B0}
		{97AEED2D-F4DD-48C3-BD0C-F186F71F527F} = {55B30B38-F67A-42DA-A92F-BB37CC88C1B0}
		{F3067C8F-CE5F-4075-977F-E7A18AA7B077} = {55B30B38-F67A-42DA-A92F-BB37CC88C1B0}
		{98EA3311-73D1-4B1F-ABDB-4FAE4015B698} = {55B30B38-F67A-42DA-A92F-BB37CC88C1B0}
		{AE719B76-D911-4793-AAE4-88BC6EFAA23B} = {55B30B38-F67A-42DA-A92F-BB37CC88C1B0}
		{FDB02CD9-E5D3-4024-9FEF-079D321AA8DE} = {AE719B76-D911-4793-AAE4-88BC6EFAA23B}
		{575CB2D0-3401-4DA0-9F6C-CBEB538330C6} = {AE719B76-D911-4793-AAE4-88BC6EFAA23B}
		{F2F303CE-1B96-4F53-A2A4-2576A46A80B2} = {AE719B76-D911-4793-AAE4-88BC6EFAA23B}
		{1E9A4B66-70B0-436E-8EF1-2E0C23790464} = {AE719B76-D911-4793-AAE4-88BC6EFAA23B}
		{E43CA6F4-0365-4BFC-995B-8CD291C1C174} = {575CB2D0-3401-4DA0-9F6C-CBEB538330C6}
		{16C42DAD-B1C6-4E79-B05B-9A3C5BFB609B} = {BA9BCACA-4B9E-4B9F-A869-A139B3A8E941}
		{BA9BCACA-4B9E-4B9F-A869-A139B3A8E941} = {AAFA633A-04FA-4713-9631-18FF2F8DF8C9}
		{45686D58-2FA2-4E2C-A7C9-153F432E4516} = {16C42DAD-B1C6-4E79-B05B-9A3C5BFB609B}
		{E8E2265D-790B-417A-A8F8-A4F33058431D} = {45686D58-2FA2-4E2C-A7C9-153F432E4516}
		{3BF812F5-DB5C-4284-A047-C4F4EAE35BDC} = {16C42DAD-B1C6-4E79-B05B-9A3C5BFB609B}
		{6849907D-DB4B-462C-B20B-5BA3613C27EE} = {16C42DAD-B1C6-4E79-B05B-9A3C5BFB609B}
		{3B15AB5B-5E8F-4BF8-9429-4C17A1F25E5A} = {66F4DB34-D145-4835-89F5-063A0ACC2D79}
		{466A1E10-D2D5-4FA1-9FAE-E72790CD2B0D} = {7AE1F326-4E1C-4657-9E5B-B59BB874C5BD}
		{9F84914F-5547-4F40-8739-CD7125E4DC36} = {66F4DB34-D145-4835-89F5-063A0ACC2D79}
		{D2139857-F24E-4922-A231-74D21C3EA36F} = {CEC1248D-5799-4252-87C6-3A81FD7A8832}
		{1AE4AF0A-ADD0-4387-88C5-6A4A6FD5AE9C} = {66F4DB34-D145-4835-89F5-063A0ACC2D79}
		{66F4DB34-D145-4835-89F5-063A0ACC2D79} = {AAFA633A-04FA-4713-9631-18FF2F8DF8C9}
		{B939105C-9332-45D4-9412-712F146B4E0B} = {AAFA633A-04FA-4713-9631-18FF2F8DF8C9}
		{AA7B3AF7-8886-46BD-A4C9-B8EA08F61EEC} = {66F4DB34-D145-4835-89F5-063A0ACC2D79}
		{77E82CF6-F759-49B1-97C4-4B6660D17CE2} = {AAFA633A-04FA-4713-9631-18FF2F8DF8C9}
		{7AE1F326-4E1C-4657-9E5B-B59BB874C5BD} = {AAFA633A-04FA-4713-9631-18FF2F8DF8C9}
		{CEC1248D-5799-4252-87C6-3A81FD7A8832} = {AAFA633A-04FA-4713-9631-18FF2F8DF8C9}
		{B6F94962-B19E-4FA1-9B82-4FC2D142036F} = {66F4DB34-D145-4835-89F5-063A0ACC2D79}
		{ADC408A7-BA59-4584-A3D2-FC9FA5003BEE} = {F3067C8F-CE5F-4075-977F-E7A18AA7B077}
		{46655F30-F097-4C4D-989D-0D93E349703C} = {ADC408A7-BA59-4584-A3D2-FC9FA5003BEE}
		{446D89B6-C744-4F53-B81D-3296358963E6} = {F2F303CE-1B96-4F53-A2A4-2576A46A80B2}
		{13BE7052-0E55-430E-A3EA-263161B3739F} = {B939105C-9332-45D4-9412-712F146B4E0B}
		{E289CAC7-4F2D-4C90-B25D-5BBA4AA42363} = {AA7B3AF7-8886-46BD-A4C9-B8EA08F61EEC}
		{1DF6B684-9ECF-40AC-A1F2-0A60F538FAB4} = {3B15AB5B-5E8F-4BF8-9429-4C17A1F25E5A}
		{C3566310-A9C0-4020-9AC7-7C9BF0A4654A} = {1AE4AF0A-ADD0-4387-88C5-6A4A6FD5AE9C}
		{424D3B0C-C683-484D-9168-B1B5A9FE1D25} = {B6F94962-B19E-4FA1-9B82-4FC2D142036F}
		{46F286D2-89F5-4202-9060-33447CBDEE9E} = {9F84914F-5547-4F40-8739-CD7125E4DC36}
		{30AD4554-364E-4160-9A83-52861ADE40E7} = {77E82CF6-F759-49B1-97C4-4B6660D17CE2}
		{D6EB49CF-3955-4F28-907C-945D09C134DC} = {D2139857-F24E-4922-A231-74D21C3EA36F}
		{4B23CF8F-A8E0-4C11-9B11-84C2623501DE} = {D2139857-F24E-4922-A231-74D21C3EA36F}
		{BA9288A1-4A17-44B2-B4ED-4B1E5FE416E1} = {D2139857-F24E-4922-A231-74D21C3EA36F}
		{CF3F1EB8-2EA5-46C4-BD8B-933AD9978130} = {2B18F56C-BC2C-4300-8198-C8FE5823883D}
		{C5AF1E00-7C7A-4451-91B9-A080DB5C962E} = {D2139857-F24E-4922-A231-74D21C3EA36F}
		{C242A4BD-841C-4FEA-BF86-F08736494B9F} = {2B18F56C-BC2C-4300-8198-C8FE5823883D}
		{C173542F-3112-4718-98CA-86D73F4B2E93} = {D2139857-F24E-4922-A231-74D21C3EA36F}
		{FD2F2E56-1C4D-4342-91E9-400675924C05} = {7AE1F326-4E1C-4657-9E5B-B59BB874C5BD}
		{AB2F7573-405A-42DA-9DC7-46229043ECAC} = {FD2F2E56-1C4D-4342-91E9-400675924C05}
		{2CB232C7-AAC2-46F2-8375-B138F3F462DC} = {FD2F2E56-1C4D-4342-91E9-400675924C05}
		{D496F2C5-A63A-411C-9E7E-099DADBCD49D} = {FD2F2E56-1C4D-4342-91E9-400675924C05}
		{EA051315-1BCC-4D3C-BA41-1FB3180EFFF7} = {FD2F2E56-1C4D-4342-91E9-400675924C05}
		{07F20A9F-6038-4A2F-BF9E-A25ECBB32F70} = {FD2F2E56-1C4D-4342-91E9-400675924C05}
		{DECC48B8-51D0-43A3-B4DC-8A4ECA4240C3} = {466A1E10-D2D5-4FA1-9FAE-E72790CD2B0D}
		{4E6501BF-A4B4-4005-A2E2-34110EB108D1} = {FDB02CD9-E5D3-4024-9FEF-079D321AA8DE}
		{C7AAA675-E0A5-4DB6-8350-257C5F4D0E09} = {466A1E10-D2D5-4FA1-9FAE-E72790CD2B0D}
		{CA085A9E-3785-49BA-A6D1-7B7D381C21B4} = {466A1E10-D2D5-4FA1-9FAE-E72790CD2B0D}
		{652493DA-A1AD-46DD-97B9-721EC3D04712} = {466A1E10-D2D5-4FA1-9FAE-E72790CD2B0D}
		{16F62C68-1CE5-445E-A0D6-91EA5F7FA1B6} = {466A1E10-D2D5-4FA1-9FAE-E72790CD2B0D}
		{2B37A8D6-79DE-4173-B81A-542FA04F2A0E} = {466A1E10-D2D5-4FA1-9FAE-E72790CD2B0D}
		{E4966135-D9EA-4B11-BF5B-839C9C7BB851} = {7AE1F326-4E1C-4657-9E5B-B59BB874C5BD}
		{980AF7CA-752A-46F5-AB7E-A5E157CEC4A7} = {66F4DB34-D145-4835-89F5-063A0ACC2D79}
		{71D3B737-87A3-4488-AA63-C0DC76D73ED7} = {980AF7CA-752A-46F5-AB7E-A5E157CEC4A7}
		{9B3A1894-A285-4353-9551-7EF89D8A5EF8} = {E4966135-D9EA-4B11-BF5B-839C9C7BB851}
		{A1F68D80-C7B5-4CDD-8F25-BA9AE436F218} = {E4966135-D9EA-4B11-BF5B-839C9C7BB851}
	EndGlobalSection
	GlobalSection(ExtensibilityGlobals) = postSolution
		SolutionGuid = {89C4AEBE-60CB-4DC6-9426-50638446C907}
	EndGlobalSection
EndGlobal
